
Microsoft Visual Studio Solution File, Format Version 12.00
# Visual Studio Version 16
VisualStudioVersion = 16.0.30621.155
MinimumVisualStudioVersion = 10.0.40219.1
Project("{FAE04EC0-301F-11D3-BF4B-00C04F79EFBC}") = "Project_Intro.Android", "Project_Intro\Project_Intro.Android\Project_Intro.Android.csproj", "{B16C4899-2DE3-4BF9-89BA-A9460712E7D4}"
EndProject
Project("{FAE04EC0-301F-11D3-BF4B-00C04F79EFBC}") = "Project_Intro.iOS", "Project_Intro\Project_Intro.iOS\Project_Intro.iOS.csproj", "{C3971D08-3D92-4426-8CFF-B20AAC4EE0D7}"
EndProject
Project("{FAE04EC0-301F-11D3-BF4B-00C04F79EFBC}") = "Project_Intro", "Project_Intro\Project_Intro\Project_Intro.csproj", "{19489514-C8E7-4158-8EED-FEF5F153EFFF}"
EndProject
Global
	GlobalSection(SolutionConfigurationPlatforms) = preSolution
		Debug|Any CPU = Debug|Any CPU
		Debug|iPhone = Debug|iPhone
		Debug|iPhoneSimulator = Debug|iPhoneSimulator
		Release|Any CPU = Release|Any CPU
		Release|iPhone = Release|iPhone
		Release|iPhoneSimulator = Release|iPhoneSimulator
	EndGlobalSection
	GlobalSection(ProjectConfigurationPlatforms) = postSolution
		{B16C4899-2DE3-4BF9-89BA-A9460712E7D4}.Debug|Any CPU.ActiveCfg = Debug|Any CPU
		{B16C4899-2DE3-4BF9-89BA-A9460712E7D4}.Debug|Any CPU.Build.0 = Debug|Any CPU
		{B16C4899-2DE3-4BF9-89BA-A9460712E7D4}.Debug|Any CPU.Deploy.0 = Debug|Any CPU
		{B16C4899-2DE3-4BF9-89BA-A9460712E7D4}.Debug|iPhone.ActiveCfg = Debug|Any CPU
		{B16C4899-2DE3-4BF9-89BA-A9460712E7D4}.Debug|iPhone.Build.0 = Debug|Any CPU
		{B16C4899-2DE3-4BF9-89BA-A9460712E7D4}.Debug|iPhone.Deploy.0 = Debug|Any CPU
		{B16C4899-2DE3-4BF9-89BA-A9460712E7D4}.Debug|iPhoneSimulator.ActiveCfg = Debug|Any CPU
		{B16C4899-2DE3-4BF9-89BA-A9460712E7D4}.Debug|iPhoneSimulator.Build.0 = Debug|Any CPU
		{B16C4899-2DE3-4BF9-89BA-A9460712E7D4}.Debug|iPhoneSimulator.Deploy.0 = Debug|Any CPU
		{B16C4899-2DE3-4BF9-89BA-A9460712E7D4}.Release|Any CPU.ActiveCfg = Release|Any CPU
		{B16C4899-2DE3-4BF9-89BA-A9460712E7D4}.Release|Any CPU.Build.0 = Release|Any CPU
		{B16C4899-2DE3-4BF9-89BA-A9460712E7D4}.Release|Any CPU.Deploy.0 = Release|Any CPU
		{B16C4899-2DE3-4BF9-89BA-A9460712E7D4}.Release|iPhone.ActiveCfg = Release|Any CPU
		{B16C4899-2DE3-4BF9-89BA-A9460712E7D4}.Release|iPhone.Build.0 = Release|Any CPU
		{B16C4899-2DE3-4BF9-89BA-A9460712E7D4}.Release|iPhone.Deploy.0 = Release|Any CPU
		{B16C4899-2DE3-4BF9-89BA-A9460712E7D4}.Release|iPhoneSimulator.ActiveCfg = Release|Any CPU
		{B16C4899-2DE3-4BF9-89BA-A9460712E7D4}.Release|iPhoneSimulator.Build.0 = Release|Any CPU
		{B16C4899-2DE3-4BF9-89BA-A9460712E7D4}.Release|iPhoneSimulator.Deploy.0 = Release|Any CPU
		{C3971D08-3D92-4426-8CFF-B20AAC4EE0D7}.Debug|Any CPU.ActiveCfg = Debug|iPhone
		{C3971D08-3D92-4426-8CFF-B20AAC4EE0D7}.Debug|Any CPU.Build.0 = Debug|iPhone
		{C3971D08-3D92-4426-8CFF-B20AAC4EE0D7}.Debug|Any CPU.Deploy.0 = Debug|iPhone
		{C3971D08-3D92-4426-8CFF-B20AAC4EE0D7}.Debug|iPhone.ActiveCfg = Debug|iPhone
		{C3971D08-3D92-4426-8CFF-B20AAC4EE0D7}.Debug|iPhone.Build.0 = Debug|iPhone
		{C3971D08-3D92-4426-8CFF-B20AAC4EE0D7}.Debug|iPhone.Deploy.0 = Debug|iPhone
		{C3971D08-3D92-4426-8CFF-B20AAC4EE0D7}.Debug|iPhoneSimulator.ActiveCfg = Debug|iPhoneSimulator
		{C3971D08-3D92-4426-8CFF-B20AAC4EE0D7}.Debug|iPhoneSimulator.Build.0 = Debug|iPhoneSimulator
		{C3971D08-3D92-4426-8CFF-B20AAC4EE0D7}.Debug|iPhoneSimulator.Deploy.0 = Debug|iPhoneSimulator
		{C3971D08-3D92-4426-8CFF-B20AAC4EE0D7}.Release|Any CPU.ActiveCfg = Release|iPhoneSimulator
		{C3971D08-3D92-4426-8CFF-B20AAC4EE0D7}.Release|Any CPU.Build.0 = Release|iPhoneSimulator
		{C3971D08-3D92-4426-8CFF-B20AAC4EE0D7}.Release|Any CPU.Deploy.0 = Release|iPhoneSimulator
		{C3971D08-3D92-4426-8CFF-B20AAC4EE0D7}.Release|iPhone.ActiveCfg = Release|iPhone
		{C3971D08-3D92-4426-8CFF-B20AAC4EE0D7}.Release|iPhone.Build.0 = Release|iPhone
		{C3971D08-3D92-4426-8CFF-B20AAC4EE0D7}.Release|iPhone.Deploy.0 = Release|iPhone
		{C3971D08-3D92-4426-8CFF-B20AAC4EE0D7}.Release|iPhoneSimulator.ActiveCfg = Release|iPhoneSimulator
		{C3971D08-3D92-4426-8CFF-B20AAC4EE0D7}.Release|iPhoneSimulator.Build.0 = Release|iPhoneSimulator
		{C3971D08-3D92-4426-8CFF-B20AAC4EE0D7}.Release|iPhoneSimulator.Deploy.0 = Release|iPhoneSimulator
		{19489514-C8E7-4158-8EED-FEF5F153EFFF}.Debug|Any CPU.ActiveCfg = Debug|Any CPU
		{19489514-C8E7-4158-8EED-FEF5F153EFFF}.Debug|Any CPU.Build.0 = Debug|Any CPU
		{19489514-C8E7-4158-8EED-FEF5F153EFFF}.Debug|Any CPU.Deploy.0 = Debug|Any CPU
		{19489514-C8E7-4158-8EED-FEF5F153EFFF}.Debug|iPhone.ActiveCfg = Debug|Any CPU
		{19489514-C8E7-4158-8EED-FEF5F153EFFF}.Debug|iPhone.Build.0 = Debug|Any CPU
		{19489514-C8E7-4158-8EED-FEF5F153EFFF}.Debug|iPhone.Deploy.0 = Debug|Any CPU
		{19489514-C8E7-4158-8EED-FEF5F153EFFF}.Debug|iPhoneSimulator.ActiveCfg = Debug|Any CPU
		{19489514-C8E7-4158-8EED-FEF5F153EFFF}.Debug|iPhoneSimulator.Build.0 = Debug|Any CPU
		{19489514-C8E7-4158-8EED-FEF5F153EFFF}.Debug|iPhoneSimulator.Deploy.0 = Debug|Any CPU
		{19489514-C8E7-4158-8EED-FEF5F153EFFF}.Release|Any CPU.ActiveCfg = Release|Any CPU
		{19489514-C8E7-4158-8EED-FEF5F153EFFF}.Release|Any CPU.Build.0 = Release|Any CPU
		{19489514-C8E7-4158-8EED-FEF5F153EFFF}.Release|Any CPU.Deploy.0 = Release|Any CPU
		{19489514-C8E7-4158-8EED-FEF5F153EFFF}.Release|iPhone.ActiveCfg = Release|Any CPU
		{19489514-C8E7-4158-8EED-FEF5F153EFFF}.Release|iPhone.Build.0 = Release|Any CPU
		{19489514-C8E7-4158-8EED-FEF5F153EFFF}.Release|iPhone.Deploy.0 = Release|Any CPU
		{19489514-C8E7-4158-8EED-FEF5F153EFFF}.Release|iPhoneSimulator.ActiveCfg = Release|Any CPU
		{19489514-C8E7-4158-8EED-FEF5F153EFFF}.Release|iPhoneSimulator.Build.0 = Release|Any CPU
		{19489514-C8E7-4158-8EED-FEF5F153EFFF}.Release|iPhoneSimulator.Deploy.0 = Release|Any CPU
	EndGlobalSection
	GlobalSection(SolutionProperties) = preSolution
		HideSolutionNode = FALSE
	EndGlobalSection
	GlobalSection(ExtensibilityGlobals) = postSolution
		SolutionGuid = {7E4EC5EC-6B98-42B5-A34B-54925DCFAF77}
	EndGlobalSection
EndGlobal
