
Microsoft Visual Studio Solution File, Format Version 12.00
# Visual Studio Version 16
VisualStudioVersion = 16.0.30621.155
MinimumVisualStudioVersion = 10.0.40219.1
Project("{FAE04EC0-301F-11D3-BF4B-00C04F79EFBC}") = "Project01.Android", "Project01\Project01.Android\Project01.Android.csproj", "{DAC31189-7006-4759-BF6B-F2FA8D2798A5}"
EndProject
Project("{FAE04EC0-301F-11D3-BF4B-00C04F79EFBC}") = "Project01.iOS", "Project01\Project01.iOS\Project01.iOS.csproj", "{87ED38BB-2698-494F-B377-86E6512599EB}"
EndProject
Project("{FAE04EC0-301F-11D3-BF4B-00C04F79EFBC}") = "Project01", "Project01\Project01\Project01.csproj", "{93C976EA-D40B-4106-BB75-15BCEAB5F560}"
EndProject
Global
	GlobalSection(SolutionConfigurationPlatforms) = preSolution
		Debug|Any CPU = Debug|Any CPU
		Debug|iPhone = Debug|iPhone
		Debug|iPhoneSimulator = Debug|iPhoneSimulator
		Release|Any CPU = Release|Any CPU
		Release|iPhone = Release|iPhone
		Release|iPhoneSimulator = Release|iPhoneSimulator
	EndGlobalSection
	GlobalSection(ProjectConfigurationPlatforms) = postSolution
		{DAC31189-7006-4759-BF6B-F2FA8D2798A5}.Debug|Any CPU.ActiveCfg = Debug|Any CPU
		{DAC31189-7006-4759-BF6B-F2FA8D2798A5}.Debug|Any CPU.Build.0 = Debug|Any CPU
		{DAC31189-7006-4759-BF6B-F2FA8D2798A5}.Debug|Any CPU.Deploy.0 = Debug|Any CPU
		{DAC31189-7006-4759-BF6B-F2FA8D2798A5}.Debug|iPhone.ActiveCfg = Debug|Any CPU
		{DAC31189-7006-4759-BF6B-F2FA8D2798A5}.Debug|iPhone.Build.0 = Debug|Any CPU
		{DAC31189-7006-4759-BF6B-F2FA8D2798A5}.Debug|iPhone.Deploy.0 = Debug|Any CPU
		{DAC31189-7006-4759-BF6B-F2FA8D2798A5}.Debug|iPhoneSimulator.ActiveCfg = Debug|Any CPU
		{DAC31189-7006-4759-BF6B-F2FA8D2798A5}.Debug|iPhoneSimulator.Build.0 = Debug|Any CPU
		{DAC31189-7006-4759-BF6B-F2FA8D2798A5}.Debug|iPhoneSimulator.Deploy.0 = Debug|Any CPU
		{DAC31189-7006-4759-BF6B-F2FA8D2798A5}.Release|Any CPU.ActiveCfg = Release|Any CPU
		{DAC31189-7006-4759-BF6B-F2FA8D2798A5}.Release|Any CPU.Build.0 = Release|Any CPU
		{DAC31189-7006-4759-BF6B-F2FA8D2798A5}.Release|Any CPU.Deploy.0 = Release|Any CPU
		{DAC31189-7006-4759-BF6B-F2FA8D2798A5}.Release|iPhone.ActiveCfg = Release|Any CPU
		{DAC31189-7006-4759-BF6B-F2FA8D2798A5}.Release|iPhone.Build.0 = Release|Any CPU
		{DAC31189-7006-4759-BF6B-F2FA8D2798A5}.Release|iPhone.Deploy.0 = Release|Any CPU
		{DAC31189-7006-4759-BF6B-F2FA8D2798A5}.Release|iPhoneSimulator.ActiveCfg = Release|Any CPU
		{DAC31189-7006-4759-BF6B-F2FA8D2798A5}.Release|iPhoneSimulator.Build.0 = Release|Any CPU
		{DAC31189-7006-4759-BF6B-F2FA8D2798A5}.Release|iPhoneSimulator.Deploy.0 = Release|Any CPU
		{87ED38BB-2698-494F-B377-86E6512599EB}.Debug|Any CPU.ActiveCfg = Debug|iPhone
		{87ED38BB-2698-494F-B377-86E6512599EB}.Debug|Any CPU.Build.0 = Debug|iPhone
		{87ED38BB-2698-494F-B377-86E6512599EB}.Debug|Any CPU.Deploy.0 = Debug|iPhone
		{87ED38BB-2698-494F-B377-86E6512599EB}.Debug|iPhone.ActiveCfg = Debug|iPhone
		{87ED38BB-2698-494F-B377-86E6512599EB}.Debug|iPhone.Build.0 = Debug|iPhone
		{87ED38BB-2698-494F-B377-86E6512599EB}.Debug|iPhone.Deploy.0 = Debug|iPhone
		{87ED38BB-2698-494F-B377-86E6512599EB}.Debug|iPhoneSimulator.ActiveCfg = Debug|iPhoneSimulator
		{87ED38BB-2698-494F-B377-86E6512599EB}.Debug|iPhoneSimulator.Build.0 = Debug|iPhoneSimulator
		{87ED38BB-2698-494F-B377-86E6512599EB}.Debug|iPhoneSimulator.Deploy.0 = Debug|iPhoneSimulator
		{87ED38BB-2698-494F-B377-86E6512599EB}.Release|Any CPU.ActiveCfg = Release|iPhoneSimulator
		{87ED38BB-2698-494F-B377-86E6512599EB}.Release|Any CPU.Build.0 = Release|iPhoneSimulator
		{87ED38BB-2698-494F-B377-86E6512599EB}.Release|Any CPU.Deploy.0 = Release|iPhoneSimulator
		{87ED38BB-2698-494F-B377-86E6512599EB}.Release|iPhone.ActiveCfg = Release|iPhone
		{87ED38BB-2698-494F-B377-86E6512599EB}.Release|iPhone.Build.0 = Release|iPhone
		{87ED38BB-2698-494F-B377-86E6512599EB}.Release|iPhone.Deploy.0 = Release|iPhone
		{87ED38BB-2698-494F-B377-86E6512599EB}.Release|iPhoneSimulator.ActiveCfg = Release|iPhoneSimulator
		{87ED38BB-2698-494F-B377-86E6512599EB}.Release|iPhoneSimulator.Build.0 = Release|iPhoneSimulator
		{87ED38BB-2698-494F-B377-86E6512599EB}.Release|iPhoneSimulator.Deploy.0 = Release|iPhoneSimulator
		{93C976EA-D40B-4106-BB75-15BCEAB5F560}.Debug|Any CPU.ActiveCfg = Debug|Any CPU
		{93C976EA-D40B-4106-BB75-15BCEAB5F560}.Debug|Any CPU.Build.0 = Debug|Any CPU
		{93C976EA-D40B-4106-BB75-15BCEAB5F560}.Debug|Any CPU.Deploy.0 = Debug|Any CPU
		{93C976EA-D40B-4106-BB75-15BCEAB5F560}.Debug|iPhone.ActiveCfg = Debug|Any CPU
		{93C976EA-D40B-4106-BB75-15BCEAB5F560}.Debug|iPhone.Build.0 = Debug|Any CPU
		{93C976EA-D40B-4106-BB75-15BCEAB5F560}.Debug|iPhone.Deploy.0 = Debug|Any CPU
		{93C976EA-D40B-4106-BB75-15BCEAB5F560}.Debug|iPhoneSimulator.ActiveCfg = Debug|Any CPU
		{93C976EA-D40B-4106-BB75-15BCEAB5F560}.Debug|iPhoneSimulator.Build.0 = Debug|Any CPU
		{93C976EA-D40B-4106-BB75-15BCEAB5F560}.Debug|iPhoneSimulator.Deploy.0 = Debug|Any CPU
		{93C976EA-D40B-4106-BB75-15BCEAB5F560}.Release|Any CPU.ActiveCfg = Release|Any CPU
		{93C976EA-D40B-4106-BB75-15BCEAB5F560}.Release|Any CPU.Build.0 = Release|Any CPU
		{93C976EA-D40B-4106-BB75-15BCEAB5F560}.Release|Any CPU.Deploy.0 = Release|Any CPU
		{93C976EA-D40B-4106-BB75-15BCEAB5F560}.Release|iPhone.ActiveCfg = Release|Any CPU
		{93C976EA-D40B-4106-BB75-15BCEAB5F560}.Release|iPhone.Build.0 = Release|Any CPU
		{93C976EA-D40B-4106-BB75-15BCEAB5F560}.Release|iPhone.Deploy.0 = Release|Any CPU
		{93C976EA-D40B-4106-BB75-15BCEAB5F560}.Release|iPhoneSimulator.ActiveCfg = Release|Any CPU
		{93C976EA-D40B-4106-BB75-15BCEAB5F560}.Release|iPhoneSimulator.Build.0 = Release|Any CPU
		{93C976EA-D40B-4106-BB75-15BCEAB5F560}.Release|iPhoneSimulator.Deploy.0 = Release|Any CPU
	EndGlobalSection
	GlobalSection(SolutionProperties) = preSolution
		HideSolutionNode = FALSE
	EndGlobalSection
	GlobalSection(ExtensibilityGlobals) = postSolution
		SolutionGuid = {0EB2068E-4B0F-4606-8EB9-4A525E937F4F}
	EndGlobalSection
EndGlobal
